
Microsoft Visual Studio Solution File, Format Version 12.00
# Visual Studio Version 17
VisualStudioVersion = 17.10.35122.118
MinimumVisualStudioVersion = 10.0.40219.1
Project("{9A19103F-16F7-4668-BE54-9A1E7A4F7556}") = "FrontTCC", "FrontTCC.csproj", "{C5F9186D-6950-43CC-9B79-534F5E68EA15}"
EndProject
Global
	GlobalSection(SolutionConfigurationPlatforms) = preSolution
		Debug|Any CPU = Debug|Any CPU
		Release|Any CPU = Release|Any CPU
	EndGlobalSection
	GlobalSection(ProjectConfigurationPlatforms) = postSolution
		{C5F9186D-6950-43CC-9B79-534F5E68EA15}.Debug|Any CPU.ActiveCfg = Debug|Any CPU
		{C5F9186D-6950-43CC-9B79-534F5E68EA15}.Debug|Any CPU.Build.0 = Debug|Any CPU
		{C5F9186D-6950-43CC-9B79-534F5E68EA15}.Release|Any CPU.ActiveCfg = Release|Any CPU
		{C5F9186D-6950-43CC-9B79-534F5E68EA15}.Release|Any CPU.Build.0 = Release|Any CPU
	EndGlobalSection
	GlobalSection(SolutionProperties) = preSolution
		HideSolutionNode = FALSE
	EndGlobalSection
	GlobalSection(ExtensibilityGlobals) = postSolution
		SolutionGuid = {D189E1DA-C48F-4EFE-BD31-548F7831DFC9}
	EndGlobalSection
EndGlobal
